{
  "version": 4,
  "terraform_version": "1.13.0",
  "serial": 2,
  "lineage": "14fdc3af-4976-49db-be1e-64108e746ea5",
  "outputs": {
    "vpc-id": {
      "value": "vpc-0e095bbdf80709eb8",
      "type": "string"
    }
  },
  "resources": [
    {
      "mode": "managed",
      "type": "aws_vpc",
      "name": "dev-vpc",
      "provider": "provider[\"registry.terraform.io/hashicorp/aws\"]",
      "instances": [
        {
          "schema_version": 1,
          "attributes": {
            "arn": "arn:aws:ec2:us-east-2:466171398477:vpc/vpc-0e095bbdf80709eb8",
            "assign_generated_ipv6_cidr_block": false,
            "cidr_block": "10.0.0.0/16",
            "default_network_acl_id": "acl-04fe9ad72ce678d8a",
            "default_route_table_id": "rtb-0bf8347364639fab8",
            "default_security_group_id": "sg-03da854cd289a055f",
            "dhcp_options_id": "dopt-04f814dd469c7cfe5",
            "enable_dns_hostnames": true,
            "enable_dns_support": true,
            "enable_network_address_usage_metrics": false,
            "id": "vpc-0e095bbdf80709eb8",
            "instance_tenancy": "default",
            "ipv4_ipam_pool_id": null,
            "ipv4_netmask_length": null,
            "ipv6_association_id": "",
            "ipv6_cidr_block": "",
            "ipv6_cidr_block_network_border_group": "",
            "ipv6_ipam_pool_id": "",
            "ipv6_netmask_length": 0,
            "main_route_table_id": "rtb-0bf8347364639fab8",
            "owner_id": "466171398477",
            "tags": {
              "Enviroment": "dev",
              "Name": "dev-vpc",
              "Owner": "abhishek"
            },
            "tags_all": {
              "Enviroment": "dev",
              "Name": "dev-vpc",
              "Owner": "abhishek"
            }
          },
          "sensitive_attributes": [],
          "identity_schema_version": 0,
          "private": "eyJzY2hlbWFfdmVyc2lvbiI6IjEifQ=="
        }
      ]
    }
  ],
  "check_results": null
}
